// !$*UTF8*$!
{
	archiveVersion = 1;
	classes = {
	};
	objectVersion = 46;
	objects = {

/* Begin PBXBuildFile section */
		62BC2F061C7DA09400860C5A /* main.c in Sources */ = {isa = PBXBuildFile; fileRef = 62BC2F051C7DA09400860C5A /* main.c */; };
		62BC2F0E1C7DA0FC00860C5A /* Function.c in Sources */ = {isa = PBXBuildFile; fileRef = 62BC2F0C1C7DA0FC00860C5A /* Function.c */; };
/* End PBXBuildFile section */

/* Begin PBXCopyFilesBuildPhase section */
		62BC2F001C7DA09400860C5A /* CopyFiles */ = {
			isa = PBXCopyFilesBuildPhase;
			buildActionMask = 2147483647;
			dstPath = /usr/share/man/man1/;
			dstSubfolderSpec = 0;
			files = (
			);
			runOnlyForDeploymentPostprocessing = 1;
		};
/* End PBXCopyFilesBuildPhase section */

/* Begin PBXFileReference section */
		62BC2F021C7DA09400860C5A /* callBack */ = {isa = PBXFileReference; explicitFileType = "compiled.mach-o.executable"; includeInIndex = 0; path = callBack; sourceTree = BUILT_PRODUCTS_DIR; };
		62BC2F051C7DA09400860C5A /* main.c */ = {isa = PBXFileReference; lastKnownFileType = sourcecode.c.c; path = main.c; sourceTree = "<group>"; };
		62BC2F0C1C7DA0FC00860C5A /* Function.c */ = {isa = PBXFileReference; fileEncoding = 4; lastKnownFileType = sourcecode.c.c; path = Function.c; sourceTree = "<group>"; };
		62BC2F0D1C7DA0FC00860C5A /* Function.h */ = {isa = PBXFileReference; fileEncoding = 4; lastKnownFileType = sourcecode.c.h; path = Function.h; sourceTree = "<group>"; };
/* End PBXFileReference section */

/* Begin PBXFrameworksBuildPhase section */
		62BC2EFF1C7DA09400860C5A /* Frameworks */ = {
			isa = PBXFrameworksBuildPhase;
			buildActionMask = 2147483647;
			files = (
			);
			runOnlyForDeploymentPostprocessing = 0;
		};
/* End PBXFrameworksBuildPhase section */

/* Begin PBXGroup section */
		62BC2EF91C7DA09400860C5A = {
			isa = PBXGroup;
			children = (
				62BC2F041C7DA09400860C5A /* callBack */,
				62BC2F031C7DA09400860C5A /* Products */,
			);
			sourceTree = "<group>";
		};
		62BC2F031C7DA09400860C5A /* Products */ = {
			isa = PBXGroup;
			children = (
				62BC2F021C7DA09400860C5A /* callBack */,
			);
			name = Products;
			sourceTree = "<group>";
		};
		62BC2F041C7DA09400860C5A /* callBack */ = {
			isa = PBXGroup;
			children = (
				62BC2F051C7DA09400860C5A /* main.c */,
				62BC2F0D1C7DA0FC00860C5A /* Function.h */,
				62BC2F0C1C7DA0FC00860C5A /* Function.c */,
			);
			path = callBack;
			sourceTree = "<group>";
		};
/* End PBXGroup section */

/* Begin PBXNativeTarget section */
		62BC2F011C7DA09400860C5A /* callBack */ = {
			isa = PBXNativeTarget;
			buildConfigurationList = 62BC2F091C7DA09400860C5A /* Build configuration list for PBXNativeTarget "callBack" */;
			buildPhases = (
				62BC2EFE1C7DA09400860C5A /* Sources */,
				62BC2EFF1C7DA09400860C5A /* Frameworks */,
				62BC2F001C7DA09400860C5A /* CopyFiles */,
			);
			buildRules = (
			);
			dependencies = (
			);
			name = callBack;
			productName = callBack;
			productReference = 62BC2F021C7DA09400860C5A /* callBack */;
			productType = "com.apple.product-type.tool";
		};
/* End PBXNativeTarget section */

/* Begin PBXProject section */
		62BC2EFA1C7DA09400860C5A /* Project object */ = {
			isa = PBXProject;
			attributes = {
				LastUpgradeCheck = 0720;
				ORGANIZATIONNAME = "尹照俊";
				TargetAttributes = {
					62BC2F011C7DA09400860C5A = {
						CreatedOnToolsVersion = 7.2;
					};
				};
			};
			buildConfigurationList = 62BC2EFD1C7DA09400860C5A /* Build configuration list for PBXProject "callBack" */;
			compatibilityVersion = "Xcode 3.2";
			developmentRegion = English;
			hasScannedForEncodings = 0;
			knownRegions = (
				en,
			);
			mainGroup = 62BC2EF91C7DA09400860C5A;
			productRefGroup = 62BC2F031C7DA09400860C5A /* Products */;
			projectDirPath = "";
			projectRoot = "";
			targets = (
				62BC2F011C7DA09400860C5A /* callBack */,
			);
		};
/* End PBXProject section */

/* Begin PBXSourcesBuildPhase section */
		62BC2EFE1C7DA09400860C5A /* Sources */ = {
			isa = PBXSourcesBuildPhase;
			buildActionMask = 2147483647;
			files = (
				62BC2F061C7DA09400860C5A /* main.c in Sources */,
				62BC2F0E1C7DA0FC00860C5A /* Function.c in Sources */,
			);
			runOnlyForDeploymentPostprocessing = 0;
		};
/* End PBXSourcesBuildPhase section */

/* Begin XCBuildConfiguration section */
		62BC2F071C7DA09400860C5A /* Debug */ = {
			isa = XCBuildConfiguration;
			buildSettings = {
				ALWAYS_SEARCH_USER_PATHS = NO;
				CLANG_CXX_LANGUAGE_STANDARD = "gnu++0x";
				CLANG_CXX_LIBRARY = "libc++";
				CLANG_ENABLE_MODULES = YES;
				CLANG_ENABLE_OBJC_ARC = YES;
				CLANG_WARN_BOOL_CONVERSION = YES;
				CLANG_WARN_CONSTANT_CONVERSION = YES;
				CLANG_WARN_DIRECT_OBJC_ISA_USAGE = YES_ERROR;
				CLANG_WARN_EMPTY_BODY = YES;
				CLANG_WARN_ENUM_CONVERSION = YES;
				CLANG_WARN_INT_CONVERSION = YES;
				CLANG_WARN_OBJC_ROOT_CLASS = YES_ERROR;
				CLANG_WARN_UNREACHABLE_CODE = YES;
				CLANG_WARN__DUPLICATE_METHOD_MATCH = YES;
				CODE_SIGN_IDENTITY = "-";
				COPY_PHASE_STRIP = NO;
				DEBUG_INFORMATION_FORMAT = dwarf;
				ENABLE_STRICT_OBJC_MSGSEND = YES;
				ENABLE_TESTABILITY = YES;
				GCC_C_LANGUAGE_STANDARD = gnu99;
				GCC_DYNAMIC_NO_PIC = NO;
				GCC_NO_COMMON_BLOCKS = YES;
				GCC_OPTIMIZATION_LEVEL = 0;
				GCC_PREPROCESSOR_DEFINITIONS = (
					"DEBUG=1",
					"$(inherited)",
				);
				GCC_WARN_64_TO_32_BIT_CONVERSION = YES;
				GCC_WARN_ABOUT_RETURN_TYPE = YES_ERROR;
				GCC_WARN_UNDECLARED_SELECTOR = YES;
				GCC_WARN_UNINITIALIZED_AUTOS = YES_AGGRESSIVE;
				GCC_WARN_UNUSED_FUNCTION = YES;
				GCC_WARN_UNUSED_VARIABLE = YES;
				MACOSX_DEPLOYMENT_TARGET = 10.11;
				MTL_ENABLE_DEBUG_INFO = YES;
				ONLY_ACTIVE_ARCH = YES;
				SDKROOT = macosx;
			};
			name = Debug;
		};
		62BC2F081C7DA09400860C5A /* Release */ = {
			isa = XCBuildConfiguration;
			buildSettings = {
				ALWAYS_SEARCH_USER_PATHS = NO;
				CLANG_CXX_LANGUAGE_STANDARD = "gnu++0x";
				CLANG_CXX_LIBRARY = "libc++";
				CLANG_ENABLE_MODULES = YES;
				CLANG_ENABLE_OBJC_ARC = YES;
				CLANG_WARN_BOOL_CONVERSION = YES;
				CLANG_WARN_CONSTANT_CONVERSION = YES;
				CLANG_WARN_DIRECT_OBJC_ISA_USAGE = YES_ERROR;
				CLANG_WARN_EMPTY_BODY = YES;
				CLANG_WARN_ENUM_CONVERSION = YES;
				CLANG_WARN_INT_CONVERSION = YES;
				CLANG_WARN_OBJC_ROOT_CLASS = YES_ERROR;
				CLANG_WARN_UNREACHABLE_CODE = YES;
				CLANG_WARN__DUPLICATE_METHOD_MATCH = YES;
				CODE_SIGN_IDENTITY = "-";
				COPY_PHASE_STRIP = NO;
				DEBUG_INFORMATION_FORMAT = "dwarf-with-dsym";
				ENABLE_NS_ASSERTIONS = NO;
				ENABLE_STRICT_OBJC_MSGSEND = YES;
				GCC_C_LANGUAGE_STANDARD = gnu99;
				GCC_NO_COMMON_BLOCKS = YES;
				GCC_WARN_64_TO_32_BIT_CONVERSION = YES;
				GCC_WARN_ABOUT_RETURN_TYPE = YES_ERROR;
				GCC_WARN_UNDECLARED_SELECTOR = YES;
				GCC_WARN_UNINITIALIZED_AUTOS = YES_AGGRESSIVE;
				GCC_WARN_UNUSED_FUNCTION = YES;
				GCC_WARN_UNUSED_VARIABLE = YES;
				MACOSX_DEPLOYMENT_TARGET = 10.11;
				MTL_ENABLE_DEBUG_INFO = NO;
				SDKROOT = macosx;
			};
			name = Release;
		};
		62BC2F0A1C7DA09400860C5A /* Debug */ = {
			isa = XCBuildConfiguration;
			buildSettings = {
				PRODUCT_NAME = "$(TARGET_NAME)";
			};
			name = Debug;
		};
		62BC2F0B1C7DA09400860C5A /* Release */ = {
			isa = XCBuildConfiguration;
			buildSettings = {
				PRODUCT_NAME = "$(TARGET_NAME)";
			};
			name = Release;
		};
/* End XCBuildConfiguration section */

/* Begin XCConfigurationList section */
		62BC2EFD1C7DA09400860C5A /* Build configuration list for PBXProject "callBack" */ = {
			isa = XCConfigurationList;
			buildConfigurations = (
				62BC2F071C7DA09400860C5A /* Debug */,
				62BC2F081C7DA09400860C5A /* Release */,
			);
			defaultConfigurationIsVisible = 0;
			defaultConfigurationName = Release;
		};
		62BC2F091C7DA09400860C5A /* Build configuration list for PBXNativeTarget "callBack" */ = {
			isa = XCConfigurationList;
			buildConfigurations = (
				62BC2F0A1C7DA09400860C5A /* Debug */,
				62BC2F0B1C7DA09400860C5A /* Release */,
			);
			defaultConfigurationIsVisible = 0;
		};
/* End XCConfigurationList section */
	};
	rootObject = 62BC2EFA1C7DA09400860C5A /* Project object */;
}
